
Microsoft Visual Studio Solution File, Format Version 12.00
# Visual Studio Version 17
VisualStudioVersion = 17.6.33801.468
MinimumVisualStudioVersion = 10.0.40219.1
Project("{2150E333-8FDC-42A3-9474-1A3956D46DE8}") = "Services", "Services", "{66B30793-F450-4FBD-B0F9-4C3C4436A12D}"
EndProject
Project("{2150E333-8FDC-42A3-9474-1A3956D46DE8}") = "SimulationEngine", "SimulationEngine", "{7119D906-6CDA-4CB0-85F4-777EADD9ECA1}"
EndProject
Project("{9A19103F-16F7-4668-BE54-9A1E7A4F7556}") = "SimulationEngine.API", "Services\SimulationEngine\SimulationEngine.API\SimulationEngine.API.csproj", "{353055F6-1B80-4D4D-B466-B0E083415C97}"
EndProject
Project("{2150E333-8FDC-42A3-9474-1A3956D46DE8}") = "Result", "Result", "{FF964378-90B0-4FD9-BDC9-062F92B3FB33}"
EndProject
Project("{2150E333-8FDC-42A3-9474-1A3956D46DE8}") = "DataHub", "DataHub", "{E3D55D74-1449-4B1C-AC7F-060B7167E45E}"
EndProject
Project("{2150E333-8FDC-42A3-9474-1A3956D46DE8}") = "Tournament", "Tournament", "{391CAF44-1A5C-407B-A702-09DD4B1CA154}"
EndProject
Project("{2150E333-8FDC-42A3-9474-1A3956D46DE8}") = "MatchManagment", "MatchManagment", "{F618D200-A607-4F16-89FC-D9CEF11A64C7}"
EndProject
Project("{2150E333-8FDC-42A3-9474-1A3956D46DE8}") = "WebScrapingIntegration", "WebScrapingIntegration", "{22499D63-748C-4091-A1EE-316289B32864}"
EndProject
Project("{2150E333-8FDC-42A3-9474-1A3956D46DE8}") = "Stadium", "Stadium", "{03DA5397-653B-4208-86E8-067CF02A60FA}"
EndProject
Project("{2150E333-8FDC-42A3-9474-1A3956D46DE8}") = "Settings", "Settings", "{29735FC0-A192-484E-8468-B1B69CE7D7C6}"
EndProject
Project("{2150E333-8FDC-42A3-9474-1A3956D46DE8}") = "ProcessManager", "ProcessManager", "{7BFDD249-7593-4FB4-ABDC-5C3051D083CA}"
EndProject
Project("{2150E333-8FDC-42A3-9474-1A3956D46DE8}") = "Cache", "Cache", "{92137F97-5EB2-4654-8D40-0FF010EB9D5D}"
EndProject
Project("{2150E333-8FDC-42A3-9474-1A3956D46DE8}") = "Logger", "Logger", "{AEEE2C34-CCB3-457B-94BE-6379F65C352C}"
EndProject
Project("{9A19103F-16F7-4668-BE54-9A1E7A4F7556}") = "DataHub.API", "Services\DataHub\DataHub.API\DataHub.API.csproj", "{16C539A8-AEFA-4773-949F-04D0C6C358D7}"
EndProject
Project("{9A19103F-16F7-4668-BE54-9A1E7A4F7556}") = "WebScrapingIntegration.API", "Services\WebScrapingIntegration\WebScrapingIntegration.API\WebScrapingIntegration.API.csproj", "{6C78C2EB-C8DF-409C-BB7E-8A0651B0E1AA}"
EndProject
Project("{9A19103F-16F7-4668-BE54-9A1E7A4F7556}") = "Tournament.API", "Services\Tournament.API\Tournament.API\Tournament.API.csproj", "{EEE78E31-56D9-4F09-A994-4C0F6FE69D3C}"
EndProject
Project("{9A19103F-16F7-4668-BE54-9A1E7A4F7556}") = "Settings.API", "Services\Settings\Settings.API\Settings.API.csproj", "{7FF61CF8-0622-4C51-A476-117FBB404471}"
EndProject
Project("{9A19103F-16F7-4668-BE54-9A1E7A4F7556}") = "Result.API", "Services\Result\Result.API\Result.API.csproj", "{FE3B3A91-567D-4CB2-A2EB-08021F6EE21D}"
EndProject
Project("{9A19103F-16F7-4668-BE54-9A1E7A4F7556}") = "ProcessManager.API", "Services\ProcessManager\ProcessManager.API\ProcessManager.API.csproj", "{098E86E9-323A-498A-BE64-51E03F722838}"
EndProject
Project("{9A19103F-16F7-4668-BE54-9A1E7A4F7556}") = "MatchManagment.API", "Services\MatchManagment\MatchManagment.API\MatchManagment.API.csproj", "{6DD4EAAC-83E9-4508-B2D1-7FC2A02141FC}"
EndProject
Project("{9A19103F-16F7-4668-BE54-9A1E7A4F7556}") = "Logger.API", "Services\Logger\Logger.API\Logger.API.csproj", "{409EDD7E-32BB-4999-B158-21ECA4CD510E}"
EndProject
Project("{9A19103F-16F7-4668-BE54-9A1E7A4F7556}") = "Cache.API", "Services\Cache\Cache.API\Cache.API.csproj", "{D338F12F-1D90-4B88-843A-9C75DC59CD35}"
EndProject
Project("{E53339B2-1760-4266-BCC7-CA923CBCF16C}") = "docker-compose", "docker-compose.dcproj", "{E4C46294-A4DC-4F54-BA1E-A39B7DF40A6E}"
EndProject
Global
	GlobalSection(SolutionConfigurationPlatforms) = preSolution
		Debug|Any CPU = Debug|Any CPU
		Release|Any CPU = Release|Any CPU
	EndGlobalSection
	GlobalSection(ProjectConfigurationPlatforms) = postSolution
		{353055F6-1B80-4D4D-B466-B0E083415C97}.Debug|Any CPU.ActiveCfg = Debug|Any CPU
		{353055F6-1B80-4D4D-B466-B0E083415C97}.Debug|Any CPU.Build.0 = Debug|Any CPU
		{353055F6-1B80-4D4D-B466-B0E083415C97}.Release|Any CPU.ActiveCfg = Release|Any CPU
		{353055F6-1B80-4D4D-B466-B0E083415C97}.Release|Any CPU.Build.0 = Release|Any CPU
		{16C539A8-AEFA-4773-949F-04D0C6C358D7}.Debug|Any CPU.ActiveCfg = Debug|Any CPU
		{16C539A8-AEFA-4773-949F-04D0C6C358D7}.Debug|Any CPU.Build.0 = Debug|Any CPU
		{16C539A8-AEFA-4773-949F-04D0C6C358D7}.Release|Any CPU.ActiveCfg = Release|Any CPU
		{16C539A8-AEFA-4773-949F-04D0C6C358D7}.Release|Any CPU.Build.0 = Release|Any CPU
		{6C78C2EB-C8DF-409C-BB7E-8A0651B0E1AA}.Debug|Any CPU.ActiveCfg = Debug|Any CPU
		{6C78C2EB-C8DF-409C-BB7E-8A0651B0E1AA}.Debug|Any CPU.Build.0 = Debug|Any CPU
		{6C78C2EB-C8DF-409C-BB7E-8A0651B0E1AA}.Release|Any CPU.ActiveCfg = Release|Any CPU
		{6C78C2EB-C8DF-409C-BB7E-8A0651B0E1AA}.Release|Any CPU.Build.0 = Release|Any CPU
		{EEE78E31-56D9-4F09-A994-4C0F6FE69D3C}.Debug|Any CPU.ActiveCfg = Debug|Any CPU
		{EEE78E31-56D9-4F09-A994-4C0F6FE69D3C}.Debug|Any CPU.Build.0 = Debug|Any CPU
		{EEE78E31-56D9-4F09-A994-4C0F6FE69D3C}.Release|Any CPU.ActiveCfg = Release|Any CPU
		{EEE78E31-56D9-4F09-A994-4C0F6FE69D3C}.Release|Any CPU.Build.0 = Release|Any CPU
		{7FF61CF8-0622-4C51-A476-117FBB404471}.Debug|Any CPU.ActiveCfg = Debug|Any CPU
		{7FF61CF8-0622-4C51-A476-117FBB404471}.Debug|Any CPU.Build.0 = Debug|Any CPU
		{7FF61CF8-0622-4C51-A476-117FBB404471}.Release|Any CPU.ActiveCfg = Release|Any CPU
		{7FF61CF8-0622-4C51-A476-117FBB404471}.Release|Any CPU.Build.0 = Release|Any CPU
		{FE3B3A91-567D-4CB2-A2EB-08021F6EE21D}.Debug|Any CPU.ActiveCfg = Debug|Any CPU
		{FE3B3A91-567D-4CB2-A2EB-08021F6EE21D}.Debug|Any CPU.Build.0 = Debug|Any CPU
		{FE3B3A91-567D-4CB2-A2EB-08021F6EE21D}.Release|Any CPU.ActiveCfg = Release|Any CPU
		{FE3B3A91-567D-4CB2-A2EB-08021F6EE21D}.Release|Any CPU.Build.0 = Release|Any CPU
		{098E86E9-323A-498A-BE64-51E03F722838}.Debug|Any CPU.ActiveCfg = Debug|Any CPU
		{098E86E9-323A-498A-BE64-51E03F722838}.Debug|Any CPU.Build.0 = Debug|Any CPU
		{098E86E9-323A-498A-BE64-51E03F722838}.Release|Any CPU.ActiveCfg = Release|Any CPU
		{098E86E9-323A-498A-BE64-51E03F722838}.Release|Any CPU.Build.0 = Release|Any CPU
		{6DD4EAAC-83E9-4508-B2D1-7FC2A02141FC}.Debug|Any CPU.ActiveCfg = Debug|Any CPU
		{6DD4EAAC-83E9-4508-B2D1-7FC2A02141FC}.Debug|Any CPU.Build.0 = Debug|Any CPU
		{6DD4EAAC-83E9-4508-B2D1-7FC2A02141FC}.Release|Any CPU.ActiveCfg = Release|Any CPU
		{6DD4EAAC-83E9-4508-B2D1-7FC2A02141FC}.Release|Any CPU.Build.0 = Release|Any CPU
		{409EDD7E-32BB-4999-B158-21ECA4CD510E}.Debug|Any CPU.ActiveCfg = Debug|Any CPU
		{409EDD7E-32BB-4999-B158-21ECA4CD510E}.Debug|Any CPU.Build.0 = Debug|Any CPU
		{409EDD7E-32BB-4999-B158-21ECA4CD510E}.Release|Any CPU.ActiveCfg = Release|Any CPU
		{409EDD7E-32BB-4999-B158-21ECA4CD510E}.Release|Any CPU.Build.0 = Release|Any CPU
		{D338F12F-1D90-4B88-843A-9C75DC59CD35}.Debug|Any CPU.ActiveCfg = Debug|Any CPU
		{D338F12F-1D90-4B88-843A-9C75DC59CD35}.Debug|Any CPU.Build.0 = Debug|Any CPU
		{D338F12F-1D90-4B88-843A-9C75DC59CD35}.Release|Any CPU.ActiveCfg = Release|Any CPU
		{D338F12F-1D90-4B88-843A-9C75DC59CD35}.Release|Any CPU.Build.0 = Release|Any CPU
		{E4C46294-A4DC-4F54-BA1E-A39B7DF40A6E}.Debug|Any CPU.ActiveCfg = Debug|Any CPU
		{E4C46294-A4DC-4F54-BA1E-A39B7DF40A6E}.Debug|Any CPU.Build.0 = Debug|Any CPU
		{E4C46294-A4DC-4F54-BA1E-A39B7DF40A6E}.Release|Any CPU.ActiveCfg = Release|Any CPU
		{E4C46294-A4DC-4F54-BA1E-A39B7DF40A6E}.Release|Any CPU.Build.0 = Release|Any CPU
	EndGlobalSection
	GlobalSection(SolutionProperties) = preSolution
		HideSolutionNode = FALSE
	EndGlobalSection
	GlobalSection(NestedProjects) = preSolution
		{7119D906-6CDA-4CB0-85F4-777EADD9ECA1} = {66B30793-F450-4FBD-B0F9-4C3C4436A12D}
		{353055F6-1B80-4D4D-B466-B0E083415C97} = {7119D906-6CDA-4CB0-85F4-777EADD9ECA1}
		{FF964378-90B0-4FD9-BDC9-062F92B3FB33} = {66B30793-F450-4FBD-B0F9-4C3C4436A12D}
		{E3D55D74-1449-4B1C-AC7F-060B7167E45E} = {66B30793-F450-4FBD-B0F9-4C3C4436A12D}
		{391CAF44-1A5C-407B-A702-09DD4B1CA154} = {66B30793-F450-4FBD-B0F9-4C3C4436A12D}
		{F618D200-A607-4F16-89FC-D9CEF11A64C7} = {66B30793-F450-4FBD-B0F9-4C3C4436A12D}
		{22499D63-748C-4091-A1EE-316289B32864} = {66B30793-F450-4FBD-B0F9-4C3C4436A12D}
		{03DA5397-653B-4208-86E8-067CF02A60FA} = {66B30793-F450-4FBD-B0F9-4C3C4436A12D}
		{29735FC0-A192-484E-8468-B1B69CE7D7C6} = {66B30793-F450-4FBD-B0F9-4C3C4436A12D}
		{7BFDD249-7593-4FB4-ABDC-5C3051D083CA} = {66B30793-F450-4FBD-B0F9-4C3C4436A12D}
		{92137F97-5EB2-4654-8D40-0FF010EB9D5D} = {66B30793-F450-4FBD-B0F9-4C3C4436A12D}
		{AEEE2C34-CCB3-457B-94BE-6379F65C352C} = {66B30793-F450-4FBD-B0F9-4C3C4436A12D}
		{16C539A8-AEFA-4773-949F-04D0C6C358D7} = {E3D55D74-1449-4B1C-AC7F-060B7167E45E}
		{6C78C2EB-C8DF-409C-BB7E-8A0651B0E1AA} = {22499D63-748C-4091-A1EE-316289B32864}
		{EEE78E31-56D9-4F09-A994-4C0F6FE69D3C} = {391CAF44-1A5C-407B-A702-09DD4B1CA154}
		{7FF61CF8-0622-4C51-A476-117FBB404471} = {29735FC0-A192-484E-8468-B1B69CE7D7C6}
		{FE3B3A91-567D-4CB2-A2EB-08021F6EE21D} = {FF964378-90B0-4FD9-BDC9-062F92B3FB33}
		{098E86E9-323A-498A-BE64-51E03F722838} = {7BFDD249-7593-4FB4-ABDC-5C3051D083CA}
		{6DD4EAAC-83E9-4508-B2D1-7FC2A02141FC} = {F618D200-A607-4F16-89FC-D9CEF11A64C7}
		{409EDD7E-32BB-4999-B158-21ECA4CD510E} = {AEEE2C34-CCB3-457B-94BE-6379F65C352C}
		{D338F12F-1D90-4B88-843A-9C75DC59CD35} = {92137F97-5EB2-4654-8D40-0FF010EB9D5D}
	EndGlobalSection
	GlobalSection(ExtensibilityGlobals) = postSolution
		SolutionGuid = {9031BEEA-7289-45C2-8B13-C74B50AD0490}
	EndGlobalSection
EndGlobal
